// !$*UTF8*$!
{
	archiveVersion = 1;
	classes = {
	};
	objectVersion = 46;
	objects = {

/* Begin PBXBuildFile section */
		097426B818D1ACC5008B5AE9 /* Foundation.framework in Frameworks */ = {isa = PBXBuildFile; fileRef = 097426B718D1ACC5008B5AE9 /* Foundation.framework */; };
		097426BA18D1ACC5008B5AE9 /* CoreGraphics.framework in Frameworks */ = {isa = PBXBuildFile; fileRef = 097426B918D1ACC5008B5AE9 /* CoreGraphics.framework */; };
		097426BC18D1ACC5008B5AE9 /* UIKit.framework in Frameworks */ = {isa = PBXBuildFile; fileRef = 097426BB18D1ACC5008B5AE9 /* UIKit.framework */; };
		097426C218D1ACC5008B5AE9 /* InfoPlist.strings in Resources */ = {isa = PBXBuildFile; fileRef = 097426C018D1ACC5008B5AE9 /* InfoPlist.strings */; };
		097426C418D1ACC5008B5AE9 /* main.m in Sources */ = {isa = PBXBuildFile; fileRef = 097426C318D1ACC5008B5AE9 /* main.m */; };
		097426C818D1ACC5008B5AE9 /* AppDelegate.m in Sources */ = {isa = PBXBuildFile; fileRef = 097426C718D1ACC5008B5AE9 /* AppDelegate.m */; };
		097426D118D1ACC6008B5AE9 /* XCTest.framework in Frameworks */ = {isa = PBXBuildFile; fileRef = 097426D018D1ACC6008B5AE9 /* XCTest.framework */; };
		097426D218D1ACC6008B5AE9 /* Foundation.framework in Frameworks */ = {isa = PBXBuildFile; fileRef = 097426B718D1ACC5008B5AE9 /* Foundation.framework */; };
		097426D318D1ACC6008B5AE9 /* UIKit.framework in Frameworks */ = {isa = PBXBuildFile; fileRef = 097426BB18D1ACC5008B5AE9 /* UIKit.framework */; };
		097426DB18D1ACC6008B5AE9 /* InfoPlist.strings in Resources */ = {isa = PBXBuildFile; fileRef = 097426D918D1ACC6008B5AE9 /* InfoPlist.strings */; };
		097426DD18D1ACC6008B5AE9 /* iDoTests.m in Sources */ = {isa = PBXBuildFile; fileRef = 097426DC18D1ACC6008B5AE9 /* iDoTests.m */; };
		097426E918D1ACEA008B5AE9 /* RootViewController.m in Sources */ = {isa = PBXBuildFile; fileRef = 097426E718D1ACEA008B5AE9 /* RootViewController.m */; };
		097426EA18D1ACEA008B5AE9 /* RootViewController.xib in Resources */ = {isa = PBXBuildFile; fileRef = 097426E818D1ACEA008B5AE9 /* RootViewController.xib */; };
		097426EE18D1AD07008B5AE9 /* AppInfoViewController.m in Sources */ = {isa = PBXBuildFile; fileRef = 097426EC18D1AD07008B5AE9 /* AppInfoViewController.m */; };
		097426EF18D1AD07008B5AE9 /* AppInfoViewController.xib in Resources */ = {isa = PBXBuildFile; fileRef = 097426ED18D1AD07008B5AE9 /* AppInfoViewController.xib */; };
		097426F918D1B949008B5AE9 /* ToDoList.m in Sources */ = {isa = PBXBuildFile; fileRef = 097426F718D1B949008B5AE9 /* ToDoList.m */; };
		097426FA18D1B949008B5AE9 /* ToDoList.xib in Resources */ = {isa = PBXBuildFile; fileRef = 097426F818D1B949008B5AE9 /* ToDoList.xib */; };
		097426FE18D1BECD008B5AE9 /* AddEventToList.m in Sources */ = {isa = PBXBuildFile; fileRef = 097426FC18D1BECD008B5AE9 /* AddEventToList.m */; };
		097426FF18D1BECD008B5AE9 /* AddEventToList.xib in Resources */ = {isa = PBXBuildFile; fileRef = 097426FD18D1BECD008B5AE9 /* AddEventToList.xib */; };
		0974270118D1D653008B5AE9 /* background.png in Resources */ = {isa = PBXBuildFile; fileRef = 0974270018D1D653008B5AE9 /* background.png */; };
		0974270B18D1FC74008B5AE9 /* Images.xcassets in Resources */ = {isa = PBXBuildFile; fileRef = 0974270A18D1FC74008B5AE9 /* Images.xcassets */; };
		0974271918D2290E008B5AE9 /* icon.png in Resources */ = {isa = PBXBuildFile; fileRef = 0974271818D2290E008B5AE9 /* icon.png */; };
/* End PBXBuildFile section */

/* Begin PBXContainerItemProxy section */
		097426D418D1ACC6008B5AE9 /* PBXContainerItemProxy */ = {
			isa = PBXContainerItemProxy;
			containerPortal = 097426AC18D1ACC5008B5AE9 /* Project object */;
			proxyType = 1;
			remoteGlobalIDString = 097426B318D1ACC5008B5AE9;
			remoteInfo = iDo;
		};
/* End PBXContainerItemProxy section */

/* Begin PBXFileReference section */
		097426B418D1ACC5008B5AE9 /* iDo.app */ = {isa = PBXFileReference; explicitFileType = wrapper.application; includeInIndex = 0; path = iDo.app; sourceTree = BUILT_PRODUCTS_DIR; };
		097426B718D1ACC5008B5AE9 /* Foundation.framework */ = {isa = PBXFileReference; lastKnownFileType = wrapper.framework; name = Foundation.framework; path = System/Library/Frameworks/Foundation.framework; sourceTree = SDKROOT; };
		097426B918D1ACC5008B5AE9 /* CoreGraphics.framework */ = {isa = PBXFileReference; lastKnownFileType = wrapper.framework; name = CoreGraphics.framework; path = System/Library/Frameworks/CoreGraphics.framework; sourceTree = SDKROOT; };
		097426BB18D1ACC5008B5AE9 /* UIKit.framework */ = {isa = PBXFileReference; lastKnownFileType = wrapper.framework; name = UIKit.framework; path = System/Library/Frameworks/UIKit.framework; sourceTree = SDKROOT; };
		097426BF18D1ACC5008B5AE9 /* iDo-Info.plist */ = {isa = PBXFileReference; lastKnownFileType = text.plist.xml; path = "iDo-Info.plist"; sourceTree = "<group>"; };
		097426C118D1ACC5008B5AE9 /* en */ = {isa = PBXFileReference; lastKnownFileType = text.plist.strings; name = en; path = en.lproj/InfoPlist.strings; sourceTree = "<group>"; };
		097426C318D1ACC5008B5AE9 /* main.m */ = {isa = PBXFileReference; lastKnownFileType = sourcecode.c.objc; path = main.m; sourceTree = "<group>"; };
		097426C518D1ACC5008B5AE9 /* iDo-Prefix.pch */ = {isa = PBXFileReference; lastKnownFileType = sourcecode.c.h; path = "iDo-Prefix.pch"; sourceTree = "<group>"; };
		097426C618D1ACC5008B5AE9 /* AppDelegate.h */ = {isa = PBXFileReference; lastKnownFileType = sourcecode.c.h; path = AppDelegate.h; sourceTree = "<group>"; };
		097426C718D1ACC5008B5AE9 /* AppDelegate.m */ = {isa = PBXFileReference; lastKnownFileType = sourcecode.c.objc; path = AppDelegate.m; sourceTree = "<group>"; };
		097426CF18D1ACC6008B5AE9 /* iDoTests.xctest */ = {isa = PBXFileReference; explicitFileType = wrapper.cfbundle; includeInIndex = 0; path = iDoTests.xctest; sourceTree = BUILT_PRODUCTS_DIR; };
		097426D018D1ACC6008B5AE9 /* XCTest.framework */ = {isa = PBXFileReference; lastKnownFileType = wrapper.framework; name = XCTest.framework; path = Library/Frameworks/XCTest.framework; sourceTree = DEVELOPER_DIR; };
		097426D818D1ACC6008B5AE9 /* iDoTests-Info.plist */ = {isa = PBXFileReference; lastKnownFileType = text.plist.xml; path = "iDoTests-Info.plist"; sourceTree = "<group>"; };
		097426DA18D1ACC6008B5AE9 /* en */ = {isa = PBXFileReference; lastKnownFileType = text.plist.strings; name = en; path = en.lproj/InfoPlist.strings; sourceTree = "<group>"; };
		097426DC18D1ACC6008B5AE9 /* iDoTests.m */ = {isa = PBXFileReference; lastKnownFileType = sourcecode.c.objc; path = iDoTests.m; sourceTree = "<group>"; };
		097426E618D1ACEA008B5AE9 /* RootViewController.h */ = {isa = PBXFileReference; fileEncoding = 4; lastKnownFileType = sourcecode.c.h; path = RootViewController.h; sourceTree = "<group>"; };
		097426E718D1ACEA008B5AE9 /* RootViewController.m */ = {isa = PBXFileReference; fileEncoding = 4; lastKnownFileType = sourcecode.c.objc; path = RootViewController.m; sourceTree = "<group>"; };
		097426E818D1ACEA008B5AE9 /* RootViewController.xib */ = {isa = PBXFileReference; fileEncoding = 4; lastKnownFileType = file.xib; path = RootViewController.xib; sourceTree = "<group>"; };
		097426EB18D1AD07008B5AE9 /* AppInfoViewController.h */ = {isa = PBXFileReference; fileEncoding = 4; lastKnownFileType = sourcecode.c.h; path = AppInfoViewController.h; sourceTree = "<group>"; };
		097426EC18D1AD07008B5AE9 /* AppInfoViewController.m */ = {isa = PBXFileReference; fileEncoding = 4; lastKnownFileType = sourcecode.c.objc; path = AppInfoViewController.m; sourceTree = "<group>"; };
		097426ED18D1AD07008B5AE9 /* AppInfoViewController.xib */ = {isa = PBXFileReference; fileEncoding = 4; lastKnownFileType = file.xib; path = AppInfoViewController.xib; sourceTree = "<group>"; };
		097426F618D1B949008B5AE9 /* ToDoList.h */ = {isa = PBXFileReference; fileEncoding = 4; lastKnownFileType = sourcecode.c.h; path = ToDoList.h; sourceTree = "<group>"; };
		097426F718D1B949008B5AE9 /* ToDoList.m */ = {isa = PBXFileReference; fileEncoding = 4; lastKnownFileType = sourcecode.c.objc; path = ToDoList.m; sourceTree = "<group>"; };
		097426F818D1B949008B5AE9 /* ToDoList.xib */ = {isa = PBXFileReference; fileEncoding = 4; lastKnownFileType = file.xib; path = ToDoList.xib; sourceTree = "<group>"; };
		097426FB18D1BECD008B5AE9 /* AddEventToList.h */ = {isa = PBXFileReference; fileEncoding = 4; lastKnownFileType = sourcecode.c.h; path = AddEventToList.h; sourceTree = "<group>"; };
		097426FC18D1BECD008B5AE9 /* AddEventToList.m */ = {isa = PBXFileReference; fileEncoding = 4; lastKnownFileType = sourcecode.c.objc; path = AddEventToList.m; sourceTree = "<group>"; };
		097426FD18D1BECD008B5AE9 /* AddEventToList.xib */ = {isa = PBXFileReference; fileEncoding = 4; lastKnownFileType = file.xib; path = AddEventToList.xib; sourceTree = "<group>"; };
		0974270018D1D653008B5AE9 /* background.png */ = {isa = PBXFileReference; lastKnownFileType = image.png; name = background.png; path = Images/background.png; sourceTree = "<group>"; };
		0974270A18D1FC74008B5AE9 /* Images.xcassets */ = {isa = PBXFileReference; lastKnownFileType = folder.assetcatalog; path = Images.xcassets; sourceTree = "<group>"; };
		0974271818D2290E008B5AE9 /* icon.png */ = {isa = PBXFileReference; lastKnownFileType = image.png; name = icon.png; path = Images/icon.png; sourceTree = "<group>"; };
/* End PBXFileReference section */

/* Begin PBXFrameworksBuildPhase section */
		097426B118D1ACC5008B5AE9 /* Frameworks */ = {
			isa = PBXFrameworksBuildPhase;
			buildActionMask = 2147483647;
			files = (
				097426BA18D1ACC5008B5AE9 /* CoreGraphics.framework in Frameworks */,
				097426BC18D1ACC5008B5AE9 /* UIKit.framework in Frameworks */,
				097426B818D1ACC5008B5AE9 /* Foundation.framework in Frameworks */,
			);
			runOnlyForDeploymentPostprocessing = 0;
		};
		097426CC18D1ACC6008B5AE9 /* Frameworks */ = {
			isa = PBXFrameworksBuildPhase;
			buildActionMask = 2147483647;
			files = (
				097426D118D1ACC6008B5AE9 /* XCTest.framework in Frameworks */,
				097426D318D1ACC6008B5AE9 /* UIKit.framework in Frameworks */,
				097426D218D1ACC6008B5AE9 /* Foundation.framework in Frameworks */,
			);
			runOnlyForDeploymentPostprocessing = 0;
		};
/* End PBXFrameworksBuildPhase section */

/* Begin PBXGroup section */
		097426AB18D1ACC5008B5AE9 = {
			isa = PBXGroup;
			children = (
				097426F018D1B0DF008B5AE9 /* Images */,
				097426BD18D1ACC5008B5AE9 /* iDo */,
				097426D618D1ACC6008B5AE9 /* iDoTests */,
				097426B618D1ACC5008B5AE9 /* Frameworks */,
				097426B518D1ACC5008B5AE9 /* Products */,
			);
			sourceTree = "<group>";
		};
		097426B518D1ACC5008B5AE9 /* Products */ = {
			isa = PBXGroup;
			children = (
				097426B418D1ACC5008B5AE9 /* iDo.app */,
				097426CF18D1ACC6008B5AE9 /* iDoTests.xctest */,
			);
			name = Products;
			sourceTree = "<group>";
		};
		097426B618D1ACC5008B5AE9 /* Frameworks */ = {
			isa = PBXGroup;
			children = (
				097426B718D1ACC5008B5AE9 /* Foundation.framework */,
				097426B918D1ACC5008B5AE9 /* CoreGraphics.framework */,
				097426BB18D1ACC5008B5AE9 /* UIKit.framework */,
				097426D018D1ACC6008B5AE9 /* XCTest.framework */,
			);
			name = Frameworks;
			sourceTree = "<group>";
		};
		097426BD18D1ACC5008B5AE9 /* iDo */ = {
			isa = PBXGroup;
			children = (
				097426F618D1B949008B5AE9 /* ToDoList.h */,
				097426F718D1B949008B5AE9 /* ToDoList.m */,
				097426FB18D1BECD008B5AE9 /* AddEventToList.h */,
				097426FC18D1BECD008B5AE9 /* AddEventToList.m */,
				097426FD18D1BECD008B5AE9 /* AddEventToList.xib */,
				097426F818D1B949008B5AE9 /* ToDoList.xib */,
				097426E618D1ACEA008B5AE9 /* RootViewController.h */,
				097426E718D1ACEA008B5AE9 /* RootViewController.m */,
				097426E818D1ACEA008B5AE9 /* RootViewController.xib */,
				097426EB18D1AD07008B5AE9 /* AppInfoViewController.h */,
				097426EC18D1AD07008B5AE9 /* AppInfoViewController.m */,
				097426ED18D1AD07008B5AE9 /* AppInfoViewController.xib */,
				097426C618D1ACC5008B5AE9 /* AppDelegate.h */,
				097426C718D1ACC5008B5AE9 /* AppDelegate.m */,
				0974270A18D1FC74008B5AE9 /* Images.xcassets */,
				097426BE18D1ACC5008B5AE9 /* Supporting Files */,
			);
			path = iDo;
			sourceTree = "<group>";
		};
		097426BE18D1ACC5008B5AE9 /* Supporting Files */ = {
			isa = PBXGroup;
			children = (
				097426BF18D1ACC5008B5AE9 /* iDo-Info.plist */,
				097426C018D1ACC5008B5AE9 /* InfoPlist.strings */,
				097426C318D1ACC5008B5AE9 /* main.m */,
				097426C518D1ACC5008B5AE9 /* iDo-Prefix.pch */,
			);
			name = "Supporting Files";
			sourceTree = "<group>";
		};
		097426D618D1ACC6008B5AE9 /* iDoTests */ = {
			isa = PBXGroup;
			children = (
				097426DC18D1ACC6008B5AE9 /* iDoTests.m */,
				097426D718D1ACC6008B5AE9 /* Supporting Files */,
			);
			path = iDoTests;
			sourceTree = "<group>";
		};
		097426D718D1ACC6008B5AE9 /* Supporting Files */ = {
			isa = PBXGroup;
			children = (
				097426D818D1ACC6008B5AE9 /* iDoTests-Info.plist */,
				097426D918D1ACC6008B5AE9 /* InfoPlist.strings */,
			);
			name = "Supporting Files";
			sourceTree = "<group>";
		};
		097426F018D1B0DF008B5AE9 /* Images */ = {
			isa = PBXGroup;
			children = (
				0974270018D1D653008B5AE9 /* background.png */,
				0974271818D2290E008B5AE9 /* icon.png */,
			);
			name = Images;
			sourceTree = "<group>";
		};
/* End PBXGroup section */

/* Begin PBXNativeTarget section */
		097426B318D1ACC5008B5AE9 /* iDo */ = {
			isa = PBXNativeTarget;
			buildConfigurationList = 097426E018D1ACC6008B5AE9 /* Build configuration list for PBXNativeTarget "iDo" */;
			buildPhases = (
				097426B018D1ACC5008B5AE9 /* Sources */,
				097426B118D1ACC5008B5AE9 /* Frameworks */,
				097426B218D1ACC5008B5AE9 /* Resources */,
			);
			buildRules = (
			);
			dependencies = (
			);
			name = iDo;
			productName = iDo;
			productReference = 097426B418D1ACC5008B5AE9 /* iDo.app */;
			productType = "com.apple.product-type.application";
		};
		097426CE18D1ACC6008B5AE9 /* iDoTests */ = {
			isa = PBXNativeTarget;
			buildConfigurationList = 097426E318D1ACC6008B5AE9 /* Build configuration list for PBXNativeTarget "iDoTests" */;
			buildPhases = (
				097426CB18D1ACC6008B5AE9 /* Sources */,
				097426CC18D1ACC6008B5AE9 /* Frameworks */,
				097426CD18D1ACC6008B5AE9 /* Resources */,
			);
			buildRules = (
			);
			dependencies = (
				097426D518D1ACC6008B5AE9 /* PBXTargetDependency */,
			);
			name = iDoTests;
			productName = iDoTests;
			productReference = 097426CF18D1ACC6008B5AE9 /* iDoTests.xctest */;
			productType = "com.apple.product-type.bundle.unit-test";
		};
/* End PBXNativeTarget section */

/* Begin PBXProject section */
		097426AC18D1ACC5008B5AE9 /* Project object */ = {
			isa = PBXProject;
			attributes = {
				LastUpgradeCheck = 0500;
				ORGANIZATIONNAME = Team9;
				TargetAttributes = {
					097426CE18D1ACC6008B5AE9 = {
						TestTargetID = 097426B318D1ACC5008B5AE9;
					};
				};
			};
			buildConfigurationList = 097426AF18D1ACC5008B5AE9 /* Build configuration list for PBXProject "iDo" */;
			compatibilityVersion = "Xcode 3.2";
			developmentRegion = English;
			hasScannedForEncodings = 0;
			knownRegions = (
				en,
			);
			mainGroup = 097426AB18D1ACC5008B5AE9;
			productRefGroup = 097426B518D1ACC5008B5AE9 /* Products */;
			projectDirPath = "";
			projectRoot = "";
			targets = (
				097426B318D1ACC5008B5AE9 /* iDo */,
				097426CE18D1ACC6008B5AE9 /* iDoTests */,
			);
		};
/* End PBXProject section */

/* Begin PBXResourcesBuildPhase section */
		097426B218D1ACC5008B5AE9 /* Resources */ = {
			isa = PBXResourcesBuildPhase;
			buildActionMask = 2147483647;
			files = (
				097426C218D1ACC5008B5AE9 /* InfoPlist.strings in Resources */,
				0974270B18D1FC74008B5AE9 /* Images.xcassets in Resources */,
				0974270118D1D653008B5AE9 /* background.png in Resources */,
				097426FF18D1BECD008B5AE9 /* AddEventToList.xib in Resources */,
				0974271918D2290E008B5AE9 /* icon.png in Resources */,
				097426FA18D1B949008B5AE9 /* ToDoList.xib in Resources */,
				097426EF18D1AD07008B5AE9 /* AppInfoViewController.xib in Resources */,
				097426EA18D1ACEA008B5AE9 /* RootViewController.xib in Resources */,
			);
			runOnlyForDeploymentPostprocessing = 0;
		};
		097426CD18D1ACC6008B5AE9 /* Resources */ = {
			isa = PBXResourcesBuildPhase;
			buildActionMask = 2147483647;
			files = (
				097426DB18D1ACC6008B5AE9 /* InfoPlist.strings in Resources */,
			);
			runOnlyForDeploymentPostprocessing = 0;
		};
/* End PBXResourcesBuildPhase section */

/* Begin PBXSourcesBuildPhase section */
		097426B018D1ACC5008B5AE9 /* Sources */ = {
			isa = PBXSourcesBuildPhase;
			buildActionMask = 2147483647;
			files = (
				097426C818D1ACC5008B5AE9 /* AppDelegate.m in Sources */,
				097426F918D1B949008B5AE9 /* ToDoList.m in Sources */,
				097426C418D1ACC5008B5AE9 /* main.m in Sources */,
				097426EE18D1AD07008B5AE9 /* AppInfoViewController.m in Sources */,
				097426E918D1ACEA008B5AE9 /* RootViewController.m in Sources */,
				097426FE18D1BECD008B5AE9 /* AddEventToList.m in Sources */,
			);
			runOnlyForDeploymentPostprocessing = 0;
		};
		097426CB18D1ACC6008B5AE9 /* Sources */ = {
			isa = PBXSourcesBuildPhase;
			buildActionMask = 2147483647;
			files = (
				097426DD18D1ACC6008B5AE9 /* iDoTests.m in Sources */,
			);
			runOnlyForDeploymentPostprocessing = 0;
		};
/* End PBXSourcesBuildPhase section */

/* Begin PBXTargetDependency section */
		097426D518D1ACC6008B5AE9 /* PBXTargetDependency */ = {
			isa = PBXTargetDependency;
			target = 097426B318D1ACC5008B5AE9 /* iDo */;
			targetProxy = 097426D418D1ACC6008B5AE9 /* PBXContainerItemProxy */;
		};
/* End PBXTargetDependency section */

/* Begin PBXVariantGroup section */
		097426C018D1ACC5008B5AE9 /* InfoPlist.strings */ = {
			isa = PBXVariantGroup;
			children = (
				097426C118D1ACC5008B5AE9 /* en */,
			);
			name = InfoPlist.strings;
			sourceTree = "<group>";
		};
		097426D918D1ACC6008B5AE9 /* InfoPlist.strings */ = {
			isa = PBXVariantGroup;
			children = (
				097426DA18D1ACC6008B5AE9 /* en */,
			);
			name = InfoPlist.strings;
			sourceTree = "<group>";
		};
/* End PBXVariantGroup section */

/* Begin XCBuildConfiguration section */
		097426DE18D1ACC6008B5AE9 /* Debug */ = {
			isa = XCBuildConfiguration;
			buildSettings = {
				ALWAYS_SEARCH_USER_PATHS = NO;
				ARCHS = "$(ARCHS_STANDARD_INCLUDING_64_BIT)";
				CLANG_CXX_LANGUAGE_STANDARD = "gnu++0x";
				CLANG_CXX_LIBRARY = "libc++";
				CLANG_ENABLE_MODULES = YES;
				CLANG_ENABLE_OBJC_ARC = NO;
				CLANG_WARN_BOOL_CONVERSION = YES;
				CLANG_WARN_CONSTANT_CONVERSION = YES;
				CLANG_WARN_DIRECT_OBJC_ISA_USAGE = YES_ERROR;
				CLANG_WARN_EMPTY_BODY = YES;
				CLANG_WARN_ENUM_CONVERSION = YES;
				CLANG_WARN_INT_CONVERSION = YES;
				CLANG_WARN_OBJC_ROOT_CLASS = YES_ERROR;
				CLANG_WARN__DUPLICATE_METHOD_MATCH = YES;
				"CODE_SIGN_IDENTITY[sdk=iphoneos*]" = "iPhone Developer";
				COPY_PHASE_STRIP = NO;
				GCC_C_LANGUAGE_STANDARD = gnu99;
				GCC_DYNAMIC_NO_PIC = NO;
				GCC_OPTIMIZATION_LEVEL = 0;
				GCC_PREPROCESSOR_DEFINITIONS = (
					"DEBUG=1",
					"$(inherited)",
				);
				GCC_SYMBOLS_PRIVATE_EXTERN = NO;
				GCC_WARN_64_TO_32_BIT_CONVERSION = YES;
				GCC_WARN_ABOUT_RETURN_TYPE = YES_ERROR;
				GCC_WARN_UNDECLARED_SELECTOR = YES;
				GCC_WARN_UNINITIALIZED_AUTOS = YES;
				GCC_WARN_UNUSED_FUNCTION = YES;
				GCC_WARN_UNUSED_VARIABLE = YES;
				IPHONEOS_DEPLOYMENT_TARGET = 7.0;
				ONLY_ACTIVE_ARCH = YES;
				SDKROOT = iphoneos;
			};
			name = Debug;
		};
		097426DF18D1ACC6008B5AE9 /* Release */ = {
			isa = XCBuildConfiguration;
			buildSettings = {
				ALWAYS_SEARCH_USER_PATHS = NO;
				ARCHS = "$(ARCHS_STANDARD_INCLUDING_64_BIT)";
				CLANG_CXX_LANGUAGE_STANDARD = "gnu++0x";
				CLANG_CXX_LIBRARY = "libc++";
				CLANG_ENABLE_MODULES = YES;
				CLANG_ENABLE_OBJC_ARC = NO;
				CLANG_WARN_BOOL_CONVERSION = YES;
				CLANG_WARN_CONSTANT_CONVERSION = YES;
				CLANG_WARN_DIRECT_OBJC_ISA_USAGE = YES_ERROR;
				CLANG_WARN_EMPTY_BODY = YES;
				CLANG_WARN_ENUM_CONVERSION = YES;
				CLANG_WARN_INT_CONVERSION = YES;
				CLANG_WARN_OBJC_ROOT_CLASS = YES_ERROR;
				CLANG_WARN__DUPLICATE_METHOD_MATCH = YES;
				"CODE_SIGN_IDENTITY[sdk=iphoneos*]" = "iPhone Developer";
				COPY_PHASE_STRIP = YES;
				ENABLE_NS_ASSERTIONS = NO;
				GCC_C_LANGUAGE_STANDARD = gnu99;
				GCC_WARN_64_TO_32_BIT_CONVERSION = YES;
				GCC_WARN_ABOUT_RETURN_TYPE = YES_ERROR;
				GCC_WARN_UNDECLARED_SELECTOR = YES;
				GCC_WARN_UNINITIALIZED_AUTOS = YES;
				GCC_WARN_UNUSED_FUNCTION = YES;
				GCC_WARN_UNUSED_VARIABLE = YES;
				IPHONEOS_DEPLOYMENT_TARGET = 7.0;
				SDKROOT = iphoneos;
				VALIDATE_PRODUCT = YES;
			};
			name = Release;
		};
		097426E118D1ACC6008B5AE9 /* Debug */ = {
			isa = XCBuildConfiguration;
			buildSettings = {
				ASSETCATALOG_COMPILER_APPICON_NAME = AppIcon;
				ASSETCATALOG_COMPILER_LAUNCHIMAGE_NAME = LaunchImage;
				GCC_PRECOMPILE_PREFIX_HEADER = YES;
				GCC_PREFIX_HEADER = "iDo/iDo-Prefix.pch";
				INFOPLIST_FILE = "iDo/iDo-Info.plist";
				IPHONEOS_DEPLOYMENT_TARGET = 7.0;
				PRODUCT_NAME = "$(TARGET_NAME)";
				TARGETED_DEVICE_FAMILY = 1;
				WRAPPER_EXTENSION = app;
			};
			name = Debug;
		};
		097426E218D1ACC6008B5AE9 /* Release */ = {
			isa = XCBuildConfiguration;
			buildSettings = {
				ASSETCATALOG_COMPILER_APPICON_NAME = AppIcon;
				ASSETCATALOG_COMPILER_LAUNCHIMAGE_NAME = LaunchImage;
				GCC_PRECOMPILE_PREFIX_HEADER = YES;
				GCC_PREFIX_HEADER = "iDo/iDo-Prefix.pch";
				INFOPLIST_FILE = "iDo/iDo-Info.plist";
				IPHONEOS_DEPLOYMENT_TARGET = 7.0;
				PRODUCT_NAME = "$(TARGET_NAME)";
				TARGETED_DEVICE_FAMILY = 1;
				WRAPPER_EXTENSION = app;
			};
			name = Release;
		};
		097426E418D1ACC6008B5AE9 /* Debug */ = {
			isa = XCBuildConfiguration;
			buildSettings = {
				ARCHS = "$(ARCHS_STANDARD_INCLUDING_64_BIT)";
				BUNDLE_LOADER = "$(BUILT_PRODUCTS_DIR)/iDo.app/iDo";
				FRAMEWORK_SEARCH_PATHS = (
					"$(SDKROOT)/Developer/Library/Frameworks",
					"$(inherited)",
					"$(DEVELOPER_FRAMEWORKS_DIR)",
				);
				GCC_PRECOMPILE_PREFIX_HEADER = YES;
				GCC_PREFIX_HEADER = "iDo/iDo-Prefix.pch";
				GCC_PREPROCESSOR_DEFINITIONS = (
					"DEBUG=1",
					"$(inherited)",
				);
				INFOPLIST_FILE = "iDoTests/iDoTests-Info.plist";
				PRODUCT_NAME = "$(TARGET_NAME)";
				TEST_HOST = "$(BUNDLE_LOADER)";
				WRAPPER_EXTENSION = xctest;
			};
			name = Debug;
		};
		097426E518D1ACC6008B5AE9 /* Release */ = {
			isa = XCBuildConfiguration;
			buildSettings = {
				ARCHS = "$(ARCHS_STANDARD_INCLUDING_64_BIT)";
				BUNDLE_LOADER = "$(BUILT_PRODUCTS_DIR)/iDo.app/iDo";
				FRAMEWORK_SEARCH_PATHS = (
					"$(SDKROOT)/Developer/Library/Frameworks",
					"$(inherited)",
					"$(DEVELOPER_FRAMEWORKS_DIR)",
				);
				GCC_PRECOMPILE_PREFIX_HEADER = YES;
				GCC_PREFIX_HEADER = "iDo/iDo-Prefix.pch";
				INFOPLIST_FILE = "iDoTests/iDoTests-Info.plist";
				PRODUCT_NAME = "$(TARGET_NAME)";
				TEST_HOST = "$(BUNDLE_LOADER)";
				WRAPPER_EXTENSION = xctest;
			};
			name = Release;
		};
/* End XCBuildConfiguration section */

/* Begin XCConfigurationList section */
		097426AF18D1ACC5008B5AE9 /* Build configuration list for PBXProject "iDo" */ = {
			isa = XCConfigurationList;
			buildConfigurations = (
				097426DE18D1ACC6008B5AE9 /* Debug */,
				097426DF18D1ACC6008B5AE9 /* Release */,
			);
			defaultConfigurationIsVisible = 0;
			defaultConfigurationName = Release;
		};
		097426E018D1ACC6008B5AE9 /* Build configuration list for PBXNativeTarget "iDo" */ = {
			isa = XCConfigurationList;
			buildConfigurations = (
				097426E118D1ACC6008B5AE9 /* Debug */,
				097426E218D1ACC6008B5AE9 /* Release */,
			);
			defaultConfigurationIsVisible = 0;
			defaultConfigurationName = Release;
		};
		097426E318D1ACC6008B5AE9 /* Build configuration list for PBXNativeTarget "iDoTests" */ = {
			isa = XCConfigurationList;
			buildConfigurations = (
				097426E418D1ACC6008B5AE9 /* Debug */,
				097426E518D1ACC6008B5AE9 /* Release */,
			);
			defaultConfigurationIsVisible = 0;
			defaultConfigurationName = Release;
		};
/* End XCConfigurationList section */
	};
	rootObject = 097426AC18D1ACC5008B5AE9 /* Project object */;
}
