// !$*UTF8*$!
{
	archiveVersion = 1;
	classes = {
	};
	objectVersion = 46;
	objects = {

/* Begin PBXBuildFile section */
		0958E8A418CCDBCF0096FA84 /* background.png in Resources */ = {isa = PBXBuildFile; fileRef = 0958E8A318CCDBCF0096FA84 /* background.png */; };
		09F458D718CCC2A700CA979A /* Foundation.framework in Frameworks */ = {isa = PBXBuildFile; fileRef = 09F458D618CCC2A700CA979A /* Foundation.framework */; };
		09F458D918CCC2A700CA979A /* CoreGraphics.framework in Frameworks */ = {isa = PBXBuildFile; fileRef = 09F458D818CCC2A700CA979A /* CoreGraphics.framework */; };
		09F458DB18CCC2A700CA979A /* UIKit.framework in Frameworks */ = {isa = PBXBuildFile; fileRef = 09F458DA18CCC2A700CA979A /* UIKit.framework */; };
		09F458E118CCC2A700CA979A /* InfoPlist.strings in Resources */ = {isa = PBXBuildFile; fileRef = 09F458DF18CCC2A700CA979A /* InfoPlist.strings */; };
		09F458E318CCC2A700CA979A /* main.m in Sources */ = {isa = PBXBuildFile; fileRef = 09F458E218CCC2A700CA979A /* main.m */; };
		09F458E718CCC2A700CA979A /* iDoAppDelegate.m in Sources */ = {isa = PBXBuildFile; fileRef = 09F458E618CCC2A700CA979A /* iDoAppDelegate.m */; };
		09F458E918CCC2A700CA979A /* Images.xcassets in Resources */ = {isa = PBXBuildFile; fileRef = 09F458E818CCC2A700CA979A /* Images.xcassets */; };
		09F458F018CCC2A800CA979A /* XCTest.framework in Frameworks */ = {isa = PBXBuildFile; fileRef = 09F458EF18CCC2A800CA979A /* XCTest.framework */; };
		09F458F118CCC2A800CA979A /* Foundation.framework in Frameworks */ = {isa = PBXBuildFile; fileRef = 09F458D618CCC2A700CA979A /* Foundation.framework */; };
		09F458F218CCC2A800CA979A /* UIKit.framework in Frameworks */ = {isa = PBXBuildFile; fileRef = 09F458DA18CCC2A700CA979A /* UIKit.framework */; };
		09F458FA18CCC2A800CA979A /* InfoPlist.strings in Resources */ = {isa = PBXBuildFile; fileRef = 09F458F818CCC2A800CA979A /* InfoPlist.strings */; };
		09F458FC18CCC2A800CA979A /* iDoTests.m in Sources */ = {isa = PBXBuildFile; fileRef = 09F458FB18CCC2A800CA979A /* iDoTests.m */; };
		09F4590818CCC2D000CA979A /* iDoMainScreenViewController.m in Sources */ = {isa = PBXBuildFile; fileRef = 09F4590618CCC2D000CA979A /* iDoMainScreenViewController.m */; };
		09F4590918CCC2D000CA979A /* iDoMainScreenViewController.xib in Resources */ = {isa = PBXBuildFile; fileRef = 09F4590718CCC2D000CA979A /* iDoMainScreenViewController.xib */; };
		09F4591018CCC8C700CA979A /* iDoDetailToDoListViewController.m in Sources */ = {isa = PBXBuildFile; fileRef = 09F4590E18CCC8C700CA979A /* iDoDetailToDoListViewController.m */; };
		09F4591118CCC8C700CA979A /* iDoDetailToDoListViewController.xib in Resources */ = {isa = PBXBuildFile; fileRef = 09F4590F18CCC8C700CA979A /* iDoDetailToDoListViewController.xib */; };
/* End PBXBuildFile section */

/* Begin PBXContainerItemProxy section */
		09F458F318CCC2A800CA979A /* PBXContainerItemProxy */ = {
			isa = PBXContainerItemProxy;
			containerPortal = 09F458CB18CCC2A700CA979A /* Project object */;
			proxyType = 1;
			remoteGlobalIDString = 09F458D218CCC2A700CA979A;
			remoteInfo = iDo;
		};
/* End PBXContainerItemProxy section */

/* Begin PBXFileReference section */
		0958E8A318CCDBCF0096FA84 /* background.png */ = {isa = PBXFileReference; lastKnownFileType = image.png; path = background.png; sourceTree = "<group>"; };
		09F458D318CCC2A700CA979A /* iDo.app */ = {isa = PBXFileReference; explicitFileType = wrapper.application; includeInIndex = 0; path = iDo.app; sourceTree = BUILT_PRODUCTS_DIR; };
		09F458D618CCC2A700CA979A /* Foundation.framework */ = {isa = PBXFileReference; lastKnownFileType = wrapper.framework; name = Foundation.framework; path = System/Library/Frameworks/Foundation.framework; sourceTree = SDKROOT; };
		09F458D818CCC2A700CA979A /* CoreGraphics.framework */ = {isa = PBXFileReference; lastKnownFileType = wrapper.framework; name = CoreGraphics.framework; path = System/Library/Frameworks/CoreGraphics.framework; sourceTree = SDKROOT; };
		09F458DA18CCC2A700CA979A /* UIKit.framework */ = {isa = PBXFileReference; lastKnownFileType = wrapper.framework; name = UIKit.framework; path = System/Library/Frameworks/UIKit.framework; sourceTree = SDKROOT; };
		09F458DE18CCC2A700CA979A /* iDo-Info.plist */ = {isa = PBXFileReference; lastKnownFileType = text.plist.xml; path = "iDo-Info.plist"; sourceTree = "<group>"; };
		09F458E018CCC2A700CA979A /* en */ = {isa = PBXFileReference; lastKnownFileType = text.plist.strings; name = en; path = en.lproj/InfoPlist.strings; sourceTree = "<group>"; };
		09F458E218CCC2A700CA979A /* main.m */ = {isa = PBXFileReference; lastKnownFileType = sourcecode.c.objc; path = main.m; sourceTree = "<group>"; };
		09F458E418CCC2A700CA979A /* iDo-Prefix.pch */ = {isa = PBXFileReference; lastKnownFileType = sourcecode.c.h; path = "iDo-Prefix.pch"; sourceTree = "<group>"; };
		09F458E518CCC2A700CA979A /* iDoAppDelegate.h */ = {isa = PBXFileReference; lastKnownFileType = sourcecode.c.h; path = iDoAppDelegate.h; sourceTree = "<group>"; };
		09F458E618CCC2A700CA979A /* iDoAppDelegate.m */ = {isa = PBXFileReference; lastKnownFileType = sourcecode.c.objc; path = iDoAppDelegate.m; sourceTree = "<group>"; };
		09F458E818CCC2A700CA979A /* Images.xcassets */ = {isa = PBXFileReference; lastKnownFileType = folder.assetcatalog; path = Images.xcassets; sourceTree = "<group>"; };
		09F458EE18CCC2A800CA979A /* iDoTests.xctest */ = {isa = PBXFileReference; explicitFileType = wrapper.cfbundle; includeInIndex = 0; path = iDoTests.xctest; sourceTree = BUILT_PRODUCTS_DIR; };
		09F458EF18CCC2A800CA979A /* XCTest.framework */ = {isa = PBXFileReference; lastKnownFileType = wrapper.framework; name = XCTest.framework; path = Library/Frameworks/XCTest.framework; sourceTree = DEVELOPER_DIR; };
		09F458F718CCC2A800CA979A /* iDoTests-Info.plist */ = {isa = PBXFileReference; lastKnownFileType = text.plist.xml; path = "iDoTests-Info.plist"; sourceTree = "<group>"; };
		09F458F918CCC2A800CA979A /* en */ = {isa = PBXFileReference; lastKnownFileType = text.plist.strings; name = en; path = en.lproj/InfoPlist.strings; sourceTree = "<group>"; };
		09F458FB18CCC2A800CA979A /* iDoTests.m */ = {isa = PBXFileReference; lastKnownFileType = sourcecode.c.objc; path = iDoTests.m; sourceTree = "<group>"; };
		09F4590518CCC2D000CA979A /* iDoMainScreenViewController.h */ = {isa = PBXFileReference; fileEncoding = 4; lastKnownFileType = sourcecode.c.h; path = iDoMainScreenViewController.h; sourceTree = "<group>"; };
		09F4590618CCC2D000CA979A /* iDoMainScreenViewController.m */ = {isa = PBXFileReference; fileEncoding = 4; lastKnownFileType = sourcecode.c.objc; path = iDoMainScreenViewController.m; sourceTree = "<group>"; };
		09F4590718CCC2D000CA979A /* iDoMainScreenViewController.xib */ = {isa = PBXFileReference; fileEncoding = 4; lastKnownFileType = file.xib; path = iDoMainScreenViewController.xib; sourceTree = "<group>"; };
		09F4590D18CCC8C700CA979A /* iDoDetailToDoListViewController.h */ = {isa = PBXFileReference; fileEncoding = 4; lastKnownFileType = sourcecode.c.h; path = iDoDetailToDoListViewController.h; sourceTree = "<group>"; };
		09F4590E18CCC8C700CA979A /* iDoDetailToDoListViewController.m */ = {isa = PBXFileReference; fileEncoding = 4; lastKnownFileType = sourcecode.c.objc; path = iDoDetailToDoListViewController.m; sourceTree = "<group>"; };
		09F4590F18CCC8C700CA979A /* iDoDetailToDoListViewController.xib */ = {isa = PBXFileReference; fileEncoding = 4; lastKnownFileType = file.xib; path = iDoDetailToDoListViewController.xib; sourceTree = "<group>"; };
/* End PBXFileReference section */

/* Begin PBXFrameworksBuildPhase section */
		09F458D018CCC2A700CA979A /* Frameworks */ = {
			isa = PBXFrameworksBuildPhase;
			buildActionMask = 2147483647;
			files = (
				09F458D918CCC2A700CA979A /* CoreGraphics.framework in Frameworks */,
				09F458DB18CCC2A700CA979A /* UIKit.framework in Frameworks */,
				09F458D718CCC2A700CA979A /* Foundation.framework in Frameworks */,
			);
			runOnlyForDeploymentPostprocessing = 0;
		};
		09F458EB18CCC2A800CA979A /* Frameworks */ = {
			isa = PBXFrameworksBuildPhase;
			buildActionMask = 2147483647;
			files = (
				09F458F018CCC2A800CA979A /* XCTest.framework in Frameworks */,
				09F458F218CCC2A800CA979A /* UIKit.framework in Frameworks */,
				09F458F118CCC2A800CA979A /* Foundation.framework in Frameworks */,
			);
			runOnlyForDeploymentPostprocessing = 0;
		};
/* End PBXFrameworksBuildPhase section */

/* Begin PBXGroup section */
		0958E8A218CCDBCF0096FA84 /* Images */ = {
			isa = PBXGroup;
			children = (
				0958E8A318CCDBCF0096FA84 /* background.png */,
			);
			path = Images;
			sourceTree = "<group>";
		};
		09F458CA18CCC2A700CA979A = {
			isa = PBXGroup;
			children = (
				0958E8A218CCDBCF0096FA84 /* Images */,
				09F458DC18CCC2A700CA979A /* iDo */,
				09F458F518CCC2A800CA979A /* iDoTests */,
				09F458D518CCC2A700CA979A /* Frameworks */,
				09F458D418CCC2A700CA979A /* Products */,
			);
			sourceTree = "<group>";
		};
		09F458D418CCC2A700CA979A /* Products */ = {
			isa = PBXGroup;
			children = (
				09F458D318CCC2A700CA979A /* iDo.app */,
				09F458EE18CCC2A800CA979A /* iDoTests.xctest */,
			);
			name = Products;
			sourceTree = "<group>";
		};
		09F458D518CCC2A700CA979A /* Frameworks */ = {
			isa = PBXGroup;
			children = (
				09F458D618CCC2A700CA979A /* Foundation.framework */,
				09F458D818CCC2A700CA979A /* CoreGraphics.framework */,
				09F458DA18CCC2A700CA979A /* UIKit.framework */,
				09F458EF18CCC2A800CA979A /* XCTest.framework */,
			);
			name = Frameworks;
			sourceTree = "<group>";
		};
		09F458DC18CCC2A700CA979A /* iDo */ = {
			isa = PBXGroup;
			children = (
				09F4590518CCC2D000CA979A /* iDoMainScreenViewController.h */,
				09F4590618CCC2D000CA979A /* iDoMainScreenViewController.m */,
				09F4590718CCC2D000CA979A /* iDoMainScreenViewController.xib */,
				09F4590D18CCC8C700CA979A /* iDoDetailToDoListViewController.h */,
				09F4590E18CCC8C700CA979A /* iDoDetailToDoListViewController.m */,
				09F4590F18CCC8C700CA979A /* iDoDetailToDoListViewController.xib */,
				09F458E518CCC2A700CA979A /* iDoAppDelegate.h */,
				09F458E618CCC2A700CA979A /* iDoAppDelegate.m */,
				09F458E818CCC2A700CA979A /* Images.xcassets */,
				09F458DD18CCC2A700CA979A /* Supporting Files */,
			);
			path = iDo;
			sourceTree = "<group>";
		};
		09F458DD18CCC2A700CA979A /* Supporting Files */ = {
			isa = PBXGroup;
			children = (
				09F458DE18CCC2A700CA979A /* iDo-Info.plist */,
				09F458DF18CCC2A700CA979A /* InfoPlist.strings */,
				09F458E218CCC2A700CA979A /* main.m */,
				09F458E418CCC2A700CA979A /* iDo-Prefix.pch */,
			);
			name = "Supporting Files";
			sourceTree = "<group>";
		};
		09F458F518CCC2A800CA979A /* iDoTests */ = {
			isa = PBXGroup;
			children = (
				09F458FB18CCC2A800CA979A /* iDoTests.m */,
				09F458F618CCC2A800CA979A /* Supporting Files */,
			);
			path = iDoTests;
			sourceTree = "<group>";
		};
		09F458F618CCC2A800CA979A /* Supporting Files */ = {
			isa = PBXGroup;
			children = (
				09F458F718CCC2A800CA979A /* iDoTests-Info.plist */,
				09F458F818CCC2A800CA979A /* InfoPlist.strings */,
			);
			name = "Supporting Files";
			sourceTree = "<group>";
		};
/* End PBXGroup section */

/* Begin PBXNativeTarget section */
		09F458D218CCC2A700CA979A /* iDo */ = {
			isa = PBXNativeTarget;
			buildConfigurationList = 09F458FF18CCC2A800CA979A /* Build configuration list for PBXNativeTarget "iDo" */;
			buildPhases = (
				09F458CF18CCC2A700CA979A /* Sources */,
				09F458D018CCC2A700CA979A /* Frameworks */,
				09F458D118CCC2A700CA979A /* Resources */,
			);
			buildRules = (
			);
			dependencies = (
			);
			name = iDo;
			productName = iDo;
			productReference = 09F458D318CCC2A700CA979A /* iDo.app */;
			productType = "com.apple.product-type.application";
		};
		09F458ED18CCC2A800CA979A /* iDoTests */ = {
			isa = PBXNativeTarget;
			buildConfigurationList = 09F4590218CCC2A800CA979A /* Build configuration list for PBXNativeTarget "iDoTests" */;
			buildPhases = (
				09F458EA18CCC2A800CA979A /* Sources */,
				09F458EB18CCC2A800CA979A /* Frameworks */,
				09F458EC18CCC2A800CA979A /* Resources */,
			);
			buildRules = (
			);
			dependencies = (
				09F458F418CCC2A800CA979A /* PBXTargetDependency */,
			);
			name = iDoTests;
			productName = iDoTests;
			productReference = 09F458EE18CCC2A800CA979A /* iDoTests.xctest */;
			productType = "com.apple.product-type.bundle.unit-test";
		};
/* End PBXNativeTarget section */

/* Begin PBXProject section */
		09F458CB18CCC2A700CA979A /* Project object */ = {
			isa = PBXProject;
			attributes = {
				CLASSPREFIX = iDo;
				LastUpgradeCheck = 0500;
				ORGANIZATIONNAME = Team9;
				TargetAttributes = {
					09F458ED18CCC2A800CA979A = {
						TestTargetID = 09F458D218CCC2A700CA979A;
					};
				};
			};
			buildConfigurationList = 09F458CE18CCC2A700CA979A /* Build configuration list for PBXProject "iDo" */;
			compatibilityVersion = "Xcode 3.2";
			developmentRegion = English;
			hasScannedForEncodings = 0;
			knownRegions = (
				en,
			);
			mainGroup = 09F458CA18CCC2A700CA979A;
			productRefGroup = 09F458D418CCC2A700CA979A /* Products */;
			projectDirPath = "";
			projectRoot = "";
			targets = (
				09F458D218CCC2A700CA979A /* iDo */,
				09F458ED18CCC2A800CA979A /* iDoTests */,
			);
		};
/* End PBXProject section */

/* Begin PBXResourcesBuildPhase section */
		09F458D118CCC2A700CA979A /* Resources */ = {
			isa = PBXResourcesBuildPhase;
			buildActionMask = 2147483647;
			files = (
				09F458E118CCC2A700CA979A /* InfoPlist.strings in Resources */,
				0958E8A418CCDBCF0096FA84 /* background.png in Resources */,
				09F458E918CCC2A700CA979A /* Images.xcassets in Resources */,
				09F4591118CCC8C700CA979A /* iDoDetailToDoListViewController.xib in Resources */,
				09F4590918CCC2D000CA979A /* iDoMainScreenViewController.xib in Resources */,
			);
			runOnlyForDeploymentPostprocessing = 0;
		};
		09F458EC18CCC2A800CA979A /* Resources */ = {
			isa = PBXResourcesBuildPhase;
			buildActionMask = 2147483647;
			files = (
				09F458FA18CCC2A800CA979A /* InfoPlist.strings in Resources */,
			);
			runOnlyForDeploymentPostprocessing = 0;
		};
/* End PBXResourcesBuildPhase section */

/* Begin PBXSourcesBuildPhase section */
		09F458CF18CCC2A700CA979A /* Sources */ = {
			isa = PBXSourcesBuildPhase;
			buildActionMask = 2147483647;
			files = (
				09F4591018CCC8C700CA979A /* iDoDetailToDoListViewController.m in Sources */,
				09F4590818CCC2D000CA979A /* iDoMainScreenViewController.m in Sources */,
				09F458E318CCC2A700CA979A /* main.m in Sources */,
				09F458E718CCC2A700CA979A /* iDoAppDelegate.m in Sources */,
			);
			runOnlyForDeploymentPostprocessing = 0;
		};
		09F458EA18CCC2A800CA979A /* Sources */ = {
			isa = PBXSourcesBuildPhase;
			buildActionMask = 2147483647;
			files = (
				09F458FC18CCC2A800CA979A /* iDoTests.m in Sources */,
			);
			runOnlyForDeploymentPostprocessing = 0;
		};
/* End PBXSourcesBuildPhase section */

/* Begin PBXTargetDependency section */
		09F458F418CCC2A800CA979A /* PBXTargetDependency */ = {
			isa = PBXTargetDependency;
			target = 09F458D218CCC2A700CA979A /* iDo */;
			targetProxy = 09F458F318CCC2A800CA979A /* PBXContainerItemProxy */;
		};
/* End PBXTargetDependency section */

/* Begin PBXVariantGroup section */
		09F458DF18CCC2A700CA979A /* InfoPlist.strings */ = {
			isa = PBXVariantGroup;
			children = (
				09F458E018CCC2A700CA979A /* en */,
			);
			name = InfoPlist.strings;
			sourceTree = "<group>";
		};
		09F458F818CCC2A800CA979A /* InfoPlist.strings */ = {
			isa = PBXVariantGroup;
			children = (
				09F458F918CCC2A800CA979A /* en */,
			);
			name = InfoPlist.strings;
			sourceTree = "<group>";
		};
/* End PBXVariantGroup section */

/* Begin XCBuildConfiguration section */
		09F458FD18CCC2A800CA979A /* Debug */ = {
			isa = XCBuildConfiguration;
			buildSettings = {
				ALWAYS_SEARCH_USER_PATHS = NO;
				ARCHS = "$(ARCHS_STANDARD_INCLUDING_64_BIT)";
				CLANG_CXX_LANGUAGE_STANDARD = "gnu++0x";
				CLANG_CXX_LIBRARY = "libc++";
				CLANG_ENABLE_MODULES = YES;
				CLANG_ENABLE_OBJC_ARC = YES;
				CLANG_WARN_BOOL_CONVERSION = YES;
				CLANG_WARN_CONSTANT_CONVERSION = YES;
				CLANG_WARN_DIRECT_OBJC_ISA_USAGE = YES_ERROR;
				CLANG_WARN_EMPTY_BODY = YES;
				CLANG_WARN_ENUM_CONVERSION = YES;
				CLANG_WARN_INT_CONVERSION = YES;
				CLANG_WARN_OBJC_ROOT_CLASS = YES_ERROR;
				CLANG_WARN__DUPLICATE_METHOD_MATCH = YES;
				"CODE_SIGN_IDENTITY[sdk=iphoneos*]" = "iPhone Developer";
				COPY_PHASE_STRIP = NO;
				GCC_C_LANGUAGE_STANDARD = gnu99;
				GCC_DYNAMIC_NO_PIC = NO;
				GCC_OPTIMIZATION_LEVEL = 0;
				GCC_PREPROCESSOR_DEFINITIONS = (
					"DEBUG=1",
					"$(inherited)",
				);
				GCC_SYMBOLS_PRIVATE_EXTERN = NO;
				GCC_WARN_64_TO_32_BIT_CONVERSION = YES;
				GCC_WARN_ABOUT_RETURN_TYPE = YES_ERROR;
				GCC_WARN_UNDECLARED_SELECTOR = YES;
				GCC_WARN_UNINITIALIZED_AUTOS = YES;
				GCC_WARN_UNUSED_FUNCTION = YES;
				GCC_WARN_UNUSED_VARIABLE = YES;
				IPHONEOS_DEPLOYMENT_TARGET = 7.0;
				ONLY_ACTIVE_ARCH = YES;
				SDKROOT = iphoneos;
			};
			name = Debug;
		};
		09F458FE18CCC2A800CA979A /* Release */ = {
			isa = XCBuildConfiguration;
			buildSettings = {
				ALWAYS_SEARCH_USER_PATHS = NO;
				ARCHS = "$(ARCHS_STANDARD_INCLUDING_64_BIT)";
				CLANG_CXX_LANGUAGE_STANDARD = "gnu++0x";
				CLANG_CXX_LIBRARY = "libc++";
				CLANG_ENABLE_MODULES = YES;
				CLANG_ENABLE_OBJC_ARC = YES;
				CLANG_WARN_BOOL_CONVERSION = YES;
				CLANG_WARN_CONSTANT_CONVERSION = YES;
				CLANG_WARN_DIRECT_OBJC_ISA_USAGE = YES_ERROR;
				CLANG_WARN_EMPTY_BODY = YES;
				CLANG_WARN_ENUM_CONVERSION = YES;
				CLANG_WARN_INT_CONVERSION = YES;
				CLANG_WARN_OBJC_ROOT_CLASS = YES_ERROR;
				CLANG_WARN__DUPLICATE_METHOD_MATCH = YES;
				"CODE_SIGN_IDENTITY[sdk=iphoneos*]" = "iPhone Developer";
				COPY_PHASE_STRIP = YES;
				ENABLE_NS_ASSERTIONS = NO;
				GCC_C_LANGUAGE_STANDARD = gnu99;
				GCC_WARN_64_TO_32_BIT_CONVERSION = YES;
				GCC_WARN_ABOUT_RETURN_TYPE = YES_ERROR;
				GCC_WARN_UNDECLARED_SELECTOR = YES;
				GCC_WARN_UNINITIALIZED_AUTOS = YES;
				GCC_WARN_UNUSED_FUNCTION = YES;
				GCC_WARN_UNUSED_VARIABLE = YES;
				IPHONEOS_DEPLOYMENT_TARGET = 7.0;
				SDKROOT = iphoneos;
				VALIDATE_PRODUCT = YES;
			};
			name = Release;
		};
		09F4590018CCC2A800CA979A /* Debug */ = {
			isa = XCBuildConfiguration;
			buildSettings = {
				ASSETCATALOG_COMPILER_APPICON_NAME = AppIcon;
				ASSETCATALOG_COMPILER_LAUNCHIMAGE_NAME = LaunchImage;
				GCC_PRECOMPILE_PREFIX_HEADER = YES;
				GCC_PREFIX_HEADER = "iDo/iDo-Prefix.pch";
				INFOPLIST_FILE = "iDo/iDo-Info.plist";
				PRODUCT_NAME = "$(TARGET_NAME)";
				TARGETED_DEVICE_FAMILY = 1;
				WRAPPER_EXTENSION = app;
			};
			name = Debug;
		};
		09F4590118CCC2A800CA979A /* Release */ = {
			isa = XCBuildConfiguration;
			buildSettings = {
				ASSETCATALOG_COMPILER_APPICON_NAME = AppIcon;
				ASSETCATALOG_COMPILER_LAUNCHIMAGE_NAME = LaunchImage;
				GCC_PRECOMPILE_PREFIX_HEADER = YES;
				GCC_PREFIX_HEADER = "iDo/iDo-Prefix.pch";
				INFOPLIST_FILE = "iDo/iDo-Info.plist";
				PRODUCT_NAME = "$(TARGET_NAME)";
				TARGETED_DEVICE_FAMILY = 1;
				WRAPPER_EXTENSION = app;
			};
			name = Release;
		};
		09F4590318CCC2A800CA979A /* Debug */ = {
			isa = XCBuildConfiguration;
			buildSettings = {
				ARCHS = "$(ARCHS_STANDARD_INCLUDING_64_BIT)";
				BUNDLE_LOADER = "$(BUILT_PRODUCTS_DIR)/iDo.app/iDo";
				FRAMEWORK_SEARCH_PATHS = (
					"$(SDKROOT)/Developer/Library/Frameworks",
					"$(inherited)",
					"$(DEVELOPER_FRAMEWORKS_DIR)",
				);
				GCC_PRECOMPILE_PREFIX_HEADER = YES;
				GCC_PREFIX_HEADER = "iDo/iDo-Prefix.pch";
				GCC_PREPROCESSOR_DEFINITIONS = (
					"DEBUG=1",
					"$(inherited)",
				);
				INFOPLIST_FILE = "iDoTests/iDoTests-Info.plist";
				PRODUCT_NAME = "$(TARGET_NAME)";
				TEST_HOST = "$(BUNDLE_LOADER)";
				WRAPPER_EXTENSION = xctest;
			};
			name = Debug;
		};
		09F4590418CCC2A800CA979A /* Release */ = {
			isa = XCBuildConfiguration;
			buildSettings = {
				ARCHS = "$(ARCHS_STANDARD_INCLUDING_64_BIT)";
				BUNDLE_LOADER = "$(BUILT_PRODUCTS_DIR)/iDo.app/iDo";
				FRAMEWORK_SEARCH_PATHS = (
					"$(SDKROOT)/Developer/Library/Frameworks",
					"$(inherited)",
					"$(DEVELOPER_FRAMEWORKS_DIR)",
				);
				GCC_PRECOMPILE_PREFIX_HEADER = YES;
				GCC_PREFIX_HEADER = "iDo/iDo-Prefix.pch";
				INFOPLIST_FILE = "iDoTests/iDoTests-Info.plist";
				PRODUCT_NAME = "$(TARGET_NAME)";
				TEST_HOST = "$(BUNDLE_LOADER)";
				WRAPPER_EXTENSION = xctest;
			};
			name = Release;
		};
/* End XCBuildConfiguration section */

/* Begin XCConfigurationList section */
		09F458CE18CCC2A700CA979A /* Build configuration list for PBXProject "iDo" */ = {
			isa = XCConfigurationList;
			buildConfigurations = (
				09F458FD18CCC2A800CA979A /* Debug */,
				09F458FE18CCC2A800CA979A /* Release */,
			);
			defaultConfigurationIsVisible = 0;
			defaultConfigurationName = Release;
		};
		09F458FF18CCC2A800CA979A /* Build configuration list for PBXNativeTarget "iDo" */ = {
			isa = XCConfigurationList;
			buildConfigurations = (
				09F4590018CCC2A800CA979A /* Debug */,
				09F4590118CCC2A800CA979A /* Release */,
			);
			defaultConfigurationIsVisible = 0;
			defaultConfigurationName = Release;
		};
		09F4590218CCC2A800CA979A /* Build configuration list for PBXNativeTarget "iDoTests" */ = {
			isa = XCConfigurationList;
			buildConfigurations = (
				09F4590318CCC2A800CA979A /* Debug */,
				09F4590418CCC2A800CA979A /* Release */,
			);
			defaultConfigurationIsVisible = 0;
			defaultConfigurationName = Release;
		};
/* End XCConfigurationList section */
	};
	rootObject = 09F458CB18CCC2A700CA979A /* Project object */;
}
