// !$*UTF8*$!
{
	archiveVersion = 1;
	classes = {
	};
	objectVersion = 46;
	objects = {

/* Begin PBXBuildFile section */
		092F256518DA0F7500BFED95 /* Foundation.framework in Frameworks */ = {isa = PBXBuildFile; fileRef = 092F256418DA0F7500BFED95 /* Foundation.framework */; };
		092F256718DA0F7500BFED95 /* CoreGraphics.framework in Frameworks */ = {isa = PBXBuildFile; fileRef = 092F256618DA0F7500BFED95 /* CoreGraphics.framework */; };
		092F256918DA0F7500BFED95 /* UIKit.framework in Frameworks */ = {isa = PBXBuildFile; fileRef = 092F256818DA0F7500BFED95 /* UIKit.framework */; };
		092F256F18DA0F7500BFED95 /* InfoPlist.strings in Resources */ = {isa = PBXBuildFile; fileRef = 092F256D18DA0F7500BFED95 /* InfoPlist.strings */; };
		092F257118DA0F7500BFED95 /* main.m in Sources */ = {isa = PBXBuildFile; fileRef = 092F257018DA0F7500BFED95 /* main.m */; };
		092F257518DA0F7500BFED95 /* iDoAppDelegate.m in Sources */ = {isa = PBXBuildFile; fileRef = 092F257418DA0F7500BFED95 /* iDoAppDelegate.m */; };
		092F257718DA0F7500BFED95 /* Images.xcassets in Resources */ = {isa = PBXBuildFile; fileRef = 092F257618DA0F7500BFED95 /* Images.xcassets */; };
		092F257E18DA0F7500BFED95 /* XCTest.framework in Frameworks */ = {isa = PBXBuildFile; fileRef = 092F257D18DA0F7500BFED95 /* XCTest.framework */; };
		092F257F18DA0F7500BFED95 /* Foundation.framework in Frameworks */ = {isa = PBXBuildFile; fileRef = 092F256418DA0F7500BFED95 /* Foundation.framework */; };
		092F258018DA0F7500BFED95 /* UIKit.framework in Frameworks */ = {isa = PBXBuildFile; fileRef = 092F256818DA0F7500BFED95 /* UIKit.framework */; };
		092F258818DA0F7500BFED95 /* InfoPlist.strings in Resources */ = {isa = PBXBuildFile; fileRef = 092F258618DA0F7500BFED95 /* InfoPlist.strings */; };
		092F258A18DA0F7500BFED95 /* iDoTests.m in Sources */ = {isa = PBXBuildFile; fileRef = 092F258918DA0F7500BFED95 /* iDoTests.m */; };
		092F25A718DA150300BFED95 /* EventKit.framework in Frameworks */ = {isa = PBXBuildFile; fileRef = 092F25A518DA150300BFED95 /* EventKit.framework */; };
		092F25A818DA150300BFED95 /* EventKitUI.framework in Frameworks */ = {isa = PBXBuildFile; fileRef = 092F25A618DA150300BFED95 /* EventKitUI.framework */; };
		096ADB8218DA184C00C43244 /* iDoRootView.m in Sources */ = {isa = PBXBuildFile; fileRef = 096ADB8018DA184C00C43244 /* iDoRootView.m */; };
		096ADB8318DA184C00C43244 /* iDoRootView.xib in Resources */ = {isa = PBXBuildFile; fileRef = 096ADB8118DA184C00C43244 /* iDoRootView.xib */; };
		096ADB8818DA185300C43244 /* iDoDetailList.m in Sources */ = {isa = PBXBuildFile; fileRef = 096ADB8618DA185300C43244 /* iDoDetailList.m */; };
		096ADB8918DA185300C43244 /* iDoDetailList.xib in Resources */ = {isa = PBXBuildFile; fileRef = 096ADB8718DA185300C43244 /* iDoDetailList.xib */; };
		09B8254D18DB378600C9F3E6 /* CoreData.framework in Frameworks */ = {isa = PBXBuildFile; fileRef = 09B8254C18DB378600C9F3E6 /* CoreData.framework */; };
		09B8255218DB37DE00C9F3E6 /* iDoAddNewEvent.m in Sources */ = {isa = PBXBuildFile; fileRef = 09B8255018DB37DE00C9F3E6 /* iDoAddNewEvent.m */; };
		09B8255318DB37DE00C9F3E6 /* iDoAddNewEvent.xib in Resources */ = {isa = PBXBuildFile; fileRef = 09B8255118DB37DE00C9F3E6 /* iDoAddNewEvent.xib */; };
		09B8255718DB37E400C9F3E6 /* iDoModel.m in Sources */ = {isa = PBXBuildFile; fileRef = 09B8255618DB37E400C9F3E6 /* iDoModel.m */; };
/* End PBXBuildFile section */

/* Begin PBXContainerItemProxy section */
		092F258118DA0F7500BFED95 /* PBXContainerItemProxy */ = {
			isa = PBXContainerItemProxy;
			containerPortal = 092F255918DA0F7500BFED95 /* Project object */;
			proxyType = 1;
			remoteGlobalIDString = 092F256018DA0F7500BFED95;
			remoteInfo = iDo;
		};
/* End PBXContainerItemProxy section */

/* Begin PBXFileReference section */
		092F256118DA0F7500BFED95 /* iDo.app */ = {isa = PBXFileReference; explicitFileType = wrapper.application; includeInIndex = 0; path = iDo.app; sourceTree = BUILT_PRODUCTS_DIR; };
		092F256418DA0F7500BFED95 /* Foundation.framework */ = {isa = PBXFileReference; lastKnownFileType = wrapper.framework; name = Foundation.framework; path = System/Library/Frameworks/Foundation.framework; sourceTree = SDKROOT; };
		092F256618DA0F7500BFED95 /* CoreGraphics.framework */ = {isa = PBXFileReference; lastKnownFileType = wrapper.framework; name = CoreGraphics.framework; path = System/Library/Frameworks/CoreGraphics.framework; sourceTree = SDKROOT; };
		092F256818DA0F7500BFED95 /* UIKit.framework */ = {isa = PBXFileReference; lastKnownFileType = wrapper.framework; name = UIKit.framework; path = System/Library/Frameworks/UIKit.framework; sourceTree = SDKROOT; };
		092F256C18DA0F7500BFED95 /* iDo-Info.plist */ = {isa = PBXFileReference; lastKnownFileType = text.plist.xml; path = "iDo-Info.plist"; sourceTree = "<group>"; };
		092F256E18DA0F7500BFED95 /* en */ = {isa = PBXFileReference; lastKnownFileType = text.plist.strings; name = en; path = en.lproj/InfoPlist.strings; sourceTree = "<group>"; };
		092F257018DA0F7500BFED95 /* main.m */ = {isa = PBXFileReference; lastKnownFileType = sourcecode.c.objc; path = main.m; sourceTree = "<group>"; };
		092F257218DA0F7500BFED95 /* iDo-Prefix.pch */ = {isa = PBXFileReference; lastKnownFileType = sourcecode.c.h; path = "iDo-Prefix.pch"; sourceTree = "<group>"; };
		092F257318DA0F7500BFED95 /* iDoAppDelegate.h */ = {isa = PBXFileReference; lastKnownFileType = sourcecode.c.h; path = iDoAppDelegate.h; sourceTree = "<group>"; };
		092F257418DA0F7500BFED95 /* iDoAppDelegate.m */ = {isa = PBXFileReference; lastKnownFileType = sourcecode.c.objc; path = iDoAppDelegate.m; sourceTree = "<group>"; };
		092F257618DA0F7500BFED95 /* Images.xcassets */ = {isa = PBXFileReference; lastKnownFileType = folder.assetcatalog; path = Images.xcassets; sourceTree = "<group>"; };
		092F257C18DA0F7500BFED95 /* iDoTests.xctest */ = {isa = PBXFileReference; explicitFileType = wrapper.cfbundle; includeInIndex = 0; path = iDoTests.xctest; sourceTree = BUILT_PRODUCTS_DIR; };
		092F257D18DA0F7500BFED95 /* XCTest.framework */ = {isa = PBXFileReference; lastKnownFileType = wrapper.framework; name = XCTest.framework; path = Library/Frameworks/XCTest.framework; sourceTree = DEVELOPER_DIR; };
		092F258518DA0F7500BFED95 /* iDoTests-Info.plist */ = {isa = PBXFileReference; lastKnownFileType = text.plist.xml; path = "iDoTests-Info.plist"; sourceTree = "<group>"; };
		092F258718DA0F7500BFED95 /* en */ = {isa = PBXFileReference; lastKnownFileType = text.plist.strings; name = en; path = en.lproj/InfoPlist.strings; sourceTree = "<group>"; };
		092F258918DA0F7500BFED95 /* iDoTests.m */ = {isa = PBXFileReference; lastKnownFileType = sourcecode.c.objc; path = iDoTests.m; sourceTree = "<group>"; };
		092F25A518DA150300BFED95 /* EventKit.framework */ = {isa = PBXFileReference; lastKnownFileType = wrapper.framework; name = EventKit.framework; path = System/Library/Frameworks/EventKit.framework; sourceTree = SDKROOT; };
		092F25A618DA150300BFED95 /* EventKitUI.framework */ = {isa = PBXFileReference; lastKnownFileType = wrapper.framework; name = EventKitUI.framework; path = System/Library/Frameworks/EventKitUI.framework; sourceTree = SDKROOT; };
		096ADB7F18DA184C00C43244 /* iDoRootView.h */ = {isa = PBXFileReference; fileEncoding = 4; lastKnownFileType = sourcecode.c.h; path = iDoRootView.h; sourceTree = "<group>"; };
		096ADB8018DA184C00C43244 /* iDoRootView.m */ = {isa = PBXFileReference; fileEncoding = 4; lastKnownFileType = sourcecode.c.objc; path = iDoRootView.m; sourceTree = "<group>"; };
		096ADB8118DA184C00C43244 /* iDoRootView.xib */ = {isa = PBXFileReference; fileEncoding = 4; lastKnownFileType = file.xib; path = iDoRootView.xib; sourceTree = "<group>"; };
		096ADB8518DA185300C43244 /* iDoDetailList.h */ = {isa = PBXFileReference; fileEncoding = 4; lastKnownFileType = sourcecode.c.h; path = iDoDetailList.h; sourceTree = "<group>"; };
		096ADB8618DA185300C43244 /* iDoDetailList.m */ = {isa = PBXFileReference; fileEncoding = 4; lastKnownFileType = sourcecode.c.objc; path = iDoDetailList.m; sourceTree = "<group>"; };
		096ADB8718DA185300C43244 /* iDoDetailList.xib */ = {isa = PBXFileReference; fileEncoding = 4; lastKnownFileType = file.xib; path = iDoDetailList.xib; sourceTree = "<group>"; };
		09B8254C18DB378600C9F3E6 /* CoreData.framework */ = {isa = PBXFileReference; lastKnownFileType = wrapper.framework; name = CoreData.framework; path = System/Library/Frameworks/CoreData.framework; sourceTree = SDKROOT; };
		09B8254F18DB37DE00C9F3E6 /* iDoAddNewEvent.h */ = {isa = PBXFileReference; fileEncoding = 4; lastKnownFileType = sourcecode.c.h; path = iDoAddNewEvent.h; sourceTree = "<group>"; };
		09B8255018DB37DE00C9F3E6 /* iDoAddNewEvent.m */ = {isa = PBXFileReference; fileEncoding = 4; lastKnownFileType = sourcecode.c.objc; path = iDoAddNewEvent.m; sourceTree = "<group>"; };
		09B8255118DB37DE00C9F3E6 /* iDoAddNewEvent.xib */ = {isa = PBXFileReference; fileEncoding = 4; lastKnownFileType = file.xib; path = iDoAddNewEvent.xib; sourceTree = "<group>"; };
		09B8255518DB37E400C9F3E6 /* iDoModel.h */ = {isa = PBXFileReference; fileEncoding = 4; lastKnownFileType = sourcecode.c.h; path = iDoModel.h; sourceTree = "<group>"; };
		09B8255618DB37E400C9F3E6 /* iDoModel.m */ = {isa = PBXFileReference; fileEncoding = 4; lastKnownFileType = sourcecode.c.objc; path = iDoModel.m; sourceTree = "<group>"; };
/* End PBXFileReference section */

/* Begin PBXFrameworksBuildPhase section */
		092F255E18DA0F7500BFED95 /* Frameworks */ = {
			isa = PBXFrameworksBuildPhase;
			buildActionMask = 2147483647;
			files = (
				09B8254D18DB378600C9F3E6 /* CoreData.framework in Frameworks */,
				092F25A718DA150300BFED95 /* EventKit.framework in Frameworks */,
				092F25A818DA150300BFED95 /* EventKitUI.framework in Frameworks */,
				092F256718DA0F7500BFED95 /* CoreGraphics.framework in Frameworks */,
				092F256918DA0F7500BFED95 /* UIKit.framework in Frameworks */,
				092F256518DA0F7500BFED95 /* Foundation.framework in Frameworks */,
			);
			runOnlyForDeploymentPostprocessing = 0;
		};
		092F257918DA0F7500BFED95 /* Frameworks */ = {
			isa = PBXFrameworksBuildPhase;
			buildActionMask = 2147483647;
			files = (
				092F257E18DA0F7500BFED95 /* XCTest.framework in Frameworks */,
				092F258018DA0F7500BFED95 /* UIKit.framework in Frameworks */,
				092F257F18DA0F7500BFED95 /* Foundation.framework in Frameworks */,
			);
			runOnlyForDeploymentPostprocessing = 0;
		};
/* End PBXFrameworksBuildPhase section */

/* Begin PBXGroup section */
		092F255818DA0F7500BFED95 = {
			isa = PBXGroup;
			children = (
				09B8255418DB37E400C9F3E6 /* Model */,
				09B8254E18DB37DE00C9F3E6 /* AddNewEvent */,
				096ADB8418DA185300C43244 /* DetailList */,
				096ADB7E18DA184C00C43244 /* RootView */,
				092F256A18DA0F7500BFED95 /* iDo */,
				092F258318DA0F7500BFED95 /* iDoTests */,
				092F256318DA0F7500BFED95 /* Frameworks */,
				092F256218DA0F7500BFED95 /* Products */,
			);
			sourceTree = "<group>";
		};
		092F256218DA0F7500BFED95 /* Products */ = {
			isa = PBXGroup;
			children = (
				092F256118DA0F7500BFED95 /* iDo.app */,
				092F257C18DA0F7500BFED95 /* iDoTests.xctest */,
			);
			name = Products;
			sourceTree = "<group>";
		};
		092F256318DA0F7500BFED95 /* Frameworks */ = {
			isa = PBXGroup;
			children = (
				09B8254C18DB378600C9F3E6 /* CoreData.framework */,
				092F25A518DA150300BFED95 /* EventKit.framework */,
				092F25A618DA150300BFED95 /* EventKitUI.framework */,
				092F256418DA0F7500BFED95 /* Foundation.framework */,
				092F256618DA0F7500BFED95 /* CoreGraphics.framework */,
				092F256818DA0F7500BFED95 /* UIKit.framework */,
				092F257D18DA0F7500BFED95 /* XCTest.framework */,
			);
			name = Frameworks;
			sourceTree = "<group>";
		};
		092F256A18DA0F7500BFED95 /* iDo */ = {
			isa = PBXGroup;
			children = (
				092F257318DA0F7500BFED95 /* iDoAppDelegate.h */,
				092F257418DA0F7500BFED95 /* iDoAppDelegate.m */,
				092F257618DA0F7500BFED95 /* Images.xcassets */,
				092F256B18DA0F7500BFED95 /* Supporting Files */,
			);
			path = iDo;
			sourceTree = "<group>";
		};
		092F256B18DA0F7500BFED95 /* Supporting Files */ = {
			isa = PBXGroup;
			children = (
				092F256C18DA0F7500BFED95 /* iDo-Info.plist */,
				092F256D18DA0F7500BFED95 /* InfoPlist.strings */,
				092F257018DA0F7500BFED95 /* main.m */,
				092F257218DA0F7500BFED95 /* iDo-Prefix.pch */,
			);
			name = "Supporting Files";
			sourceTree = "<group>";
		};
		092F258318DA0F7500BFED95 /* iDoTests */ = {
			isa = PBXGroup;
			children = (
				092F258918DA0F7500BFED95 /* iDoTests.m */,
				092F258418DA0F7500BFED95 /* Supporting Files */,
			);
			path = iDoTests;
			sourceTree = "<group>";
		};
		092F258418DA0F7500BFED95 /* Supporting Files */ = {
			isa = PBXGroup;
			children = (
				092F258518DA0F7500BFED95 /* iDoTests-Info.plist */,
				092F258618DA0F7500BFED95 /* InfoPlist.strings */,
			);
			name = "Supporting Files";
			sourceTree = "<group>";
		};
		096ADB7E18DA184C00C43244 /* RootView */ = {
			isa = PBXGroup;
			children = (
				096ADB7F18DA184C00C43244 /* iDoRootView.h */,
				096ADB8018DA184C00C43244 /* iDoRootView.m */,
				096ADB8118DA184C00C43244 /* iDoRootView.xib */,
			);
			path = RootView;
			sourceTree = "<group>";
		};
		096ADB8418DA185300C43244 /* DetailList */ = {
			isa = PBXGroup;
			children = (
				096ADB8518DA185300C43244 /* iDoDetailList.h */,
				096ADB8618DA185300C43244 /* iDoDetailList.m */,
				096ADB8718DA185300C43244 /* iDoDetailList.xib */,
			);
			path = DetailList;
			sourceTree = "<group>";
		};
		09B8254E18DB37DE00C9F3E6 /* AddNewEvent */ = {
			isa = PBXGroup;
			children = (
				09B8254F18DB37DE00C9F3E6 /* iDoAddNewEvent.h */,
				09B8255018DB37DE00C9F3E6 /* iDoAddNewEvent.m */,
				09B8255118DB37DE00C9F3E6 /* iDoAddNewEvent.xib */,
			);
			path = AddNewEvent;
			sourceTree = "<group>";
		};
		09B8255418DB37E400C9F3E6 /* Model */ = {
			isa = PBXGroup;
			children = (
				09B8255518DB37E400C9F3E6 /* iDoModel.h */,
				09B8255618DB37E400C9F3E6 /* iDoModel.m */,
			);
			path = Model;
			sourceTree = "<group>";
		};
/* End PBXGroup section */

/* Begin PBXNativeTarget section */
		092F256018DA0F7500BFED95 /* iDo */ = {
			isa = PBXNativeTarget;
			buildConfigurationList = 092F258D18DA0F7500BFED95 /* Build configuration list for PBXNativeTarget "iDo" */;
			buildPhases = (
				092F255D18DA0F7500BFED95 /* Sources */,
				092F255E18DA0F7500BFED95 /* Frameworks */,
				092F255F18DA0F7500BFED95 /* Resources */,
			);
			buildRules = (
			);
			dependencies = (
			);
			name = iDo;
			productName = iDo;
			productReference = 092F256118DA0F7500BFED95 /* iDo.app */;
			productType = "com.apple.product-type.application";
		};
		092F257B18DA0F7500BFED95 /* iDoTests */ = {
			isa = PBXNativeTarget;
			buildConfigurationList = 092F259018DA0F7500BFED95 /* Build configuration list for PBXNativeTarget "iDoTests" */;
			buildPhases = (
				092F257818DA0F7500BFED95 /* Sources */,
				092F257918DA0F7500BFED95 /* Frameworks */,
				092F257A18DA0F7500BFED95 /* Resources */,
			);
			buildRules = (
			);
			dependencies = (
				092F258218DA0F7500BFED95 /* PBXTargetDependency */,
			);
			name = iDoTests;
			productName = iDoTests;
			productReference = 092F257C18DA0F7500BFED95 /* iDoTests.xctest */;
			productType = "com.apple.product-type.bundle.unit-test";
		};
/* End PBXNativeTarget section */

/* Begin PBXProject section */
		092F255918DA0F7500BFED95 /* Project object */ = {
			isa = PBXProject;
			attributes = {
				CLASSPREFIX = iDo;
				LastUpgradeCheck = 0510;
				ORGANIZATIONNAME = Team9;
				TargetAttributes = {
					092F257B18DA0F7500BFED95 = {
						TestTargetID = 092F256018DA0F7500BFED95;
					};
				};
			};
			buildConfigurationList = 092F255C18DA0F7500BFED95 /* Build configuration list for PBXProject "iDo" */;
			compatibilityVersion = "Xcode 3.2";
			developmentRegion = English;
			hasScannedForEncodings = 0;
			knownRegions = (
				en,
			);
			mainGroup = 092F255818DA0F7500BFED95;
			productRefGroup = 092F256218DA0F7500BFED95 /* Products */;
			projectDirPath = "";
			projectRoot = "";
			targets = (
				092F256018DA0F7500BFED95 /* iDo */,
				092F257B18DA0F7500BFED95 /* iDoTests */,
			);
		};
/* End PBXProject section */

/* Begin PBXResourcesBuildPhase section */
		092F255F18DA0F7500BFED95 /* Resources */ = {
			isa = PBXResourcesBuildPhase;
			buildActionMask = 2147483647;
			files = (
				092F256F18DA0F7500BFED95 /* InfoPlist.strings in Resources */,
				09B8255318DB37DE00C9F3E6 /* iDoAddNewEvent.xib in Resources */,
				096ADB8918DA185300C43244 /* iDoDetailList.xib in Resources */,
				096ADB8318DA184C00C43244 /* iDoRootView.xib in Resources */,
				092F257718DA0F7500BFED95 /* Images.xcassets in Resources */,
			);
			runOnlyForDeploymentPostprocessing = 0;
		};
		092F257A18DA0F7500BFED95 /* Resources */ = {
			isa = PBXResourcesBuildPhase;
			buildActionMask = 2147483647;
			files = (
				092F258818DA0F7500BFED95 /* InfoPlist.strings in Resources */,
			);
			runOnlyForDeploymentPostprocessing = 0;
		};
/* End PBXResourcesBuildPhase section */

/* Begin PBXSourcesBuildPhase section */
		092F255D18DA0F7500BFED95 /* Sources */ = {
			isa = PBXSourcesBuildPhase;
			buildActionMask = 2147483647;
			files = (
				092F257118DA0F7500BFED95 /* main.m in Sources */,
				096ADB8818DA185300C43244 /* iDoDetailList.m in Sources */,
				096ADB8218DA184C00C43244 /* iDoRootView.m in Sources */,
				09B8255718DB37E400C9F3E6 /* iDoModel.m in Sources */,
				092F257518DA0F7500BFED95 /* iDoAppDelegate.m in Sources */,
				09B8255218DB37DE00C9F3E6 /* iDoAddNewEvent.m in Sources */,
			);
			runOnlyForDeploymentPostprocessing = 0;
		};
		092F257818DA0F7500BFED95 /* Sources */ = {
			isa = PBXSourcesBuildPhase;
			buildActionMask = 2147483647;
			files = (
				092F258A18DA0F7500BFED95 /* iDoTests.m in Sources */,
			);
			runOnlyForDeploymentPostprocessing = 0;
		};
/* End PBXSourcesBuildPhase section */

/* Begin PBXTargetDependency section */
		092F258218DA0F7500BFED95 /* PBXTargetDependency */ = {
			isa = PBXTargetDependency;
			target = 092F256018DA0F7500BFED95 /* iDo */;
			targetProxy = 092F258118DA0F7500BFED95 /* PBXContainerItemProxy */;
		};
/* End PBXTargetDependency section */

/* Begin PBXVariantGroup section */
		092F256D18DA0F7500BFED95 /* InfoPlist.strings */ = {
			isa = PBXVariantGroup;
			children = (
				092F256E18DA0F7500BFED95 /* en */,
			);
			name = InfoPlist.strings;
			sourceTree = "<group>";
		};
		092F258618DA0F7500BFED95 /* InfoPlist.strings */ = {
			isa = PBXVariantGroup;
			children = (
				092F258718DA0F7500BFED95 /* en */,
			);
			name = InfoPlist.strings;
			sourceTree = "<group>";
		};
/* End PBXVariantGroup section */

/* Begin XCBuildConfiguration section */
		092F258B18DA0F7500BFED95 /* Debug */ = {
			isa = XCBuildConfiguration;
			buildSettings = {
				ALWAYS_SEARCH_USER_PATHS = NO;
				CLANG_CXX_LANGUAGE_STANDARD = "gnu++0x";
				CLANG_CXX_LIBRARY = "libc++";
				CLANG_ENABLE_MODULES = YES;
				CLANG_ENABLE_OBJC_ARC = NO;
				CLANG_WARN_BOOL_CONVERSION = YES;
				CLANG_WARN_CONSTANT_CONVERSION = YES;
				CLANG_WARN_DIRECT_OBJC_ISA_USAGE = YES_ERROR;
				CLANG_WARN_EMPTY_BODY = YES;
				CLANG_WARN_ENUM_CONVERSION = YES;
				CLANG_WARN_INT_CONVERSION = YES;
				CLANG_WARN_OBJC_ROOT_CLASS = YES_ERROR;
				CLANG_WARN__DUPLICATE_METHOD_MATCH = YES;
				"CODE_SIGN_IDENTITY[sdk=iphoneos*]" = "iPhone Developer";
				COPY_PHASE_STRIP = NO;
				GCC_C_LANGUAGE_STANDARD = gnu99;
				GCC_DYNAMIC_NO_PIC = NO;
				GCC_OPTIMIZATION_LEVEL = 0;
				GCC_PREPROCESSOR_DEFINITIONS = (
					"DEBUG=1",
					"$(inherited)",
				);
				GCC_SYMBOLS_PRIVATE_EXTERN = NO;
				GCC_WARN_64_TO_32_BIT_CONVERSION = YES;
				GCC_WARN_ABOUT_RETURN_TYPE = YES_ERROR;
				GCC_WARN_UNDECLARED_SELECTOR = YES;
				GCC_WARN_UNINITIALIZED_AUTOS = YES_AGGRESSIVE;
				GCC_WARN_UNUSED_FUNCTION = YES;
				GCC_WARN_UNUSED_VARIABLE = YES;
				IPHONEOS_DEPLOYMENT_TARGET = 7.1;
				ONLY_ACTIVE_ARCH = YES;
				SDKROOT = iphoneos;
			};
			name = Debug;
		};
		092F258C18DA0F7500BFED95 /* Release */ = {
			isa = XCBuildConfiguration;
			buildSettings = {
				ALWAYS_SEARCH_USER_PATHS = NO;
				CLANG_CXX_LANGUAGE_STANDARD = "gnu++0x";
				CLANG_CXX_LIBRARY = "libc++";
				CLANG_ENABLE_MODULES = YES;
				CLANG_ENABLE_OBJC_ARC = NO;
				CLANG_WARN_BOOL_CONVERSION = YES;
				CLANG_WARN_CONSTANT_CONVERSION = YES;
				CLANG_WARN_DIRECT_OBJC_ISA_USAGE = YES_ERROR;
				CLANG_WARN_EMPTY_BODY = YES;
				CLANG_WARN_ENUM_CONVERSION = YES;
				CLANG_WARN_INT_CONVERSION = YES;
				CLANG_WARN_OBJC_ROOT_CLASS = YES_ERROR;
				CLANG_WARN__DUPLICATE_METHOD_MATCH = YES;
				"CODE_SIGN_IDENTITY[sdk=iphoneos*]" = "iPhone Developer";
				COPY_PHASE_STRIP = YES;
				ENABLE_NS_ASSERTIONS = NO;
				GCC_C_LANGUAGE_STANDARD = gnu99;
				GCC_WARN_64_TO_32_BIT_CONVERSION = YES;
				GCC_WARN_ABOUT_RETURN_TYPE = YES_ERROR;
				GCC_WARN_UNDECLARED_SELECTOR = YES;
				GCC_WARN_UNINITIALIZED_AUTOS = YES_AGGRESSIVE;
				GCC_WARN_UNUSED_FUNCTION = YES;
				GCC_WARN_UNUSED_VARIABLE = YES;
				IPHONEOS_DEPLOYMENT_TARGET = 7.1;
				SDKROOT = iphoneos;
				VALIDATE_PRODUCT = YES;
			};
			name = Release;
		};
		092F258E18DA0F7500BFED95 /* Debug */ = {
			isa = XCBuildConfiguration;
			buildSettings = {
				ASSETCATALOG_COMPILER_APPICON_NAME = AppIcon;
				ASSETCATALOG_COMPILER_LAUNCHIMAGE_NAME = LaunchImage;
				GCC_PRECOMPILE_PREFIX_HEADER = YES;
				GCC_PREFIX_HEADER = "iDo/iDo-Prefix.pch";
				INFOPLIST_FILE = "iDo/iDo-Info.plist";
				IPHONEOS_DEPLOYMENT_TARGET = 5.0;
				PRODUCT_NAME = "$(TARGET_NAME)";
				TARGETED_DEVICE_FAMILY = 1;
				WRAPPER_EXTENSION = app;
			};
			name = Debug;
		};
		092F258F18DA0F7500BFED95 /* Release */ = {
			isa = XCBuildConfiguration;
			buildSettings = {
				ASSETCATALOG_COMPILER_APPICON_NAME = AppIcon;
				ASSETCATALOG_COMPILER_LAUNCHIMAGE_NAME = LaunchImage;
				GCC_PRECOMPILE_PREFIX_HEADER = YES;
				GCC_PREFIX_HEADER = "iDo/iDo-Prefix.pch";
				INFOPLIST_FILE = "iDo/iDo-Info.plist";
				IPHONEOS_DEPLOYMENT_TARGET = 5.0;
				PRODUCT_NAME = "$(TARGET_NAME)";
				TARGETED_DEVICE_FAMILY = 1;
				WRAPPER_EXTENSION = app;
			};
			name = Release;
		};
		092F259118DA0F7500BFED95 /* Debug */ = {
			isa = XCBuildConfiguration;
			buildSettings = {
				BUNDLE_LOADER = "$(BUILT_PRODUCTS_DIR)/iDo.app/iDo";
				FRAMEWORK_SEARCH_PATHS = (
					"$(SDKROOT)/Developer/Library/Frameworks",
					"$(inherited)",
					"$(DEVELOPER_FRAMEWORKS_DIR)",
				);
				GCC_PRECOMPILE_PREFIX_HEADER = YES;
				GCC_PREFIX_HEADER = "iDo/iDo-Prefix.pch";
				GCC_PREPROCESSOR_DEFINITIONS = (
					"DEBUG=1",
					"$(inherited)",
				);
				INFOPLIST_FILE = "iDoTests/iDoTests-Info.plist";
				PRODUCT_NAME = "$(TARGET_NAME)";
				TEST_HOST = "$(BUNDLE_LOADER)";
				WRAPPER_EXTENSION = xctest;
			};
			name = Debug;
		};
		092F259218DA0F7500BFED95 /* Release */ = {
			isa = XCBuildConfiguration;
			buildSettings = {
				BUNDLE_LOADER = "$(BUILT_PRODUCTS_DIR)/iDo.app/iDo";
				FRAMEWORK_SEARCH_PATHS = (
					"$(SDKROOT)/Developer/Library/Frameworks",
					"$(inherited)",
					"$(DEVELOPER_FRAMEWORKS_DIR)",
				);
				GCC_PRECOMPILE_PREFIX_HEADER = YES;
				GCC_PREFIX_HEADER = "iDo/iDo-Prefix.pch";
				INFOPLIST_FILE = "iDoTests/iDoTests-Info.plist";
				PRODUCT_NAME = "$(TARGET_NAME)";
				TEST_HOST = "$(BUNDLE_LOADER)";
				WRAPPER_EXTENSION = xctest;
			};
			name = Release;
		};
/* End XCBuildConfiguration section */

/* Begin XCConfigurationList section */
		092F255C18DA0F7500BFED95 /* Build configuration list for PBXProject "iDo" */ = {
			isa = XCConfigurationList;
			buildConfigurations = (
				092F258B18DA0F7500BFED95 /* Debug */,
				092F258C18DA0F7500BFED95 /* Release */,
			);
			defaultConfigurationIsVisible = 0;
			defaultConfigurationName = Release;
		};
		092F258D18DA0F7500BFED95 /* Build configuration list for PBXNativeTarget "iDo" */ = {
			isa = XCConfigurationList;
			buildConfigurations = (
				092F258E18DA0F7500BFED95 /* Debug */,
				092F258F18DA0F7500BFED95 /* Release */,
			);
			defaultConfigurationIsVisible = 0;
			defaultConfigurationName = Release;
		};
		092F259018DA0F7500BFED95 /* Build configuration list for PBXNativeTarget "iDoTests" */ = {
			isa = XCConfigurationList;
			buildConfigurations = (
				092F259118DA0F7500BFED95 /* Debug */,
				092F259218DA0F7500BFED95 /* Release */,
			);
			defaultConfigurationIsVisible = 0;
			defaultConfigurationName = Release;
		};
/* End XCConfigurationList section */
	};
	rootObject = 092F255918DA0F7500BFED95 /* Project object */;
}
